
Microsoft Visual Studio Solution File, Format Version 12.00
# Visual Studio 14
VisualStudioVersion = 14.0.25420.1
MinimumVisualStudioVersion = 10.0.40219.1
Project("{2150E333-8FDC-42A3-9474-1A3956D46DE8}") = "Solution Items", "Solution Items", "{00058F45-5598-40B3-BB3D-84CA49650378}"
	ProjectSection(SolutionItems) = preProject
		.gitignore = .gitignore
		CHANGELOG.md = CHANGELOG.md
		.github\CONTRIBUTING.md = .github\CONTRIBUTING.md
		GETTING-STARTED.md = GETTING-STARTED.md
		LICENSE = LICENSE
		README.md = README.md
	EndProjectSection
EndProject
Project("{FAE04EC0-301F-11D3-BF4B-00C04F79EFBC}") = "Luminous.Code.Core", "src\core\Luminous.Code.Core.csproj", "{10E97CA5-13C8-4525-A972-C18677070838}"
EndProject
Project("{FAE04EC0-301F-11D3-BF4B-00C04F79EFBC}") = "Luminous.Code.TeamExplorer", "src\teamexplorer\Luminous.Code.TeamExplorer.csproj", "{9E0E0C09-EE9F-40E5-B7B4-FC8B3DA70FB4}"
EndProject
Project("{FAE04EC0-301F-11D3-BF4B-00C04F79EFBC}") = "Luminous.Code.VisualStudio", "src\vs\Luminous.Code.VisualStudio.csproj", "{997E3F68-01CE-44CE-A9D5-87EB01665B46}"
EndProject
Global
	GlobalSection(SolutionConfigurationPlatforms) = preSolution
		Debug|Any CPU = Debug|Any CPU
		Release|Any CPU = Release|Any CPU
	EndGlobalSection
	GlobalSection(ProjectConfigurationPlatforms) = postSolution
		{10E97CA5-13C8-4525-A972-C18677070838}.Debug|Any CPU.ActiveCfg = Debug|Any CPU
		{10E97CA5-13C8-4525-A972-C18677070838}.Debug|Any CPU.Build.0 = Debug|Any CPU
		{10E97CA5-13C8-4525-A972-C18677070838}.Release|Any CPU.ActiveCfg = Release|Any CPU
		{10E97CA5-13C8-4525-A972-C18677070838}.Release|Any CPU.Build.0 = Release|Any CPU
		{9E0E0C09-EE9F-40E5-B7B4-FC8B3DA70FB4}.Debug|Any CPU.ActiveCfg = Debug|Any CPU
		{9E0E0C09-EE9F-40E5-B7B4-FC8B3DA70FB4}.Debug|Any CPU.Build.0 = Debug|Any CPU
		{9E0E0C09-EE9F-40E5-B7B4-FC8B3DA70FB4}.Release|Any CPU.ActiveCfg = Release|Any CPU
		{9E0E0C09-EE9F-40E5-B7B4-FC8B3DA70FB4}.Release|Any CPU.Build.0 = Release|Any CPU
		{997E3F68-01CE-44CE-A9D5-87EB01665B46}.Debug|Any CPU.ActiveCfg = Debug|Any CPU
		{997E3F68-01CE-44CE-A9D5-87EB01665B46}.Debug|Any CPU.Build.0 = Debug|Any CPU
		{997E3F68-01CE-44CE-A9D5-87EB01665B46}.Release|Any CPU.ActiveCfg = Release|Any CPU
		{997E3F68-01CE-44CE-A9D5-87EB01665B46}.Release|Any CPU.Build.0 = Release|Any CPU
	EndGlobalSection
	GlobalSection(SolutionProperties) = preSolution
		HideSolutionNode = FALSE
	EndGlobalSection
EndGlobal
